// !$*UTF8*$!
{
	archiveVersion = 1;
	classes = {
	};
	objectVersion = 56;
	objects = {

/* Begin PBXBuildFile section */
		540692242C85958600AE9567 /* WeatherAppApp.swift in Sources */ = {isa = PBXBuildFile; fileRef = 540692232C85958600AE9567 /* WeatherAppApp.swift */; };
		540692262C85958600AE9567 /* ContentView.swift in Sources */ = {isa = PBXBuildFile; fileRef = 540692252C85958600AE9567 /* ContentView.swift */; };
		540692282C85958700AE9567 /* Assets.xcassets in Resources */ = {isa = PBXBuildFile; fileRef = 540692272C85958700AE9567 /* Assets.xcassets */; };
		5406922B2C85958700AE9567 /* Preview Assets.xcassets in Resources */ = {isa = PBXBuildFile; fileRef = 5406922A2C85958700AE9567 /* Preview Assets.xcassets */; };
		540692352C85958700AE9567 /* WeatherAppTests.swift in Sources */ = {isa = PBXBuildFile; fileRef = 540692342C85958700AE9567 /* WeatherAppTests.swift */; };
		5406923F2C85958700AE9567 /* WeatherAppUITests.swift in Sources */ = {isa = PBXBuildFile; fileRef = 5406923E2C85958700AE9567 /* WeatherAppUITests.swift */; };
		540692412C85958700AE9567 /* WeatherAppUITestsLaunchTests.swift in Sources */ = {isa = PBXBuildFile; fileRef = 540692402C85958700AE9567 /* WeatherAppUITestsLaunchTests.swift */; };
		5406924F2C85963E00AE9567 /* LocationManager.swift in Sources */ = {isa = PBXBuildFile; fileRef = 5406924E2C85963E00AE9567 /* LocationManager.swift */; };
		540692522C85998B00AE9567 /* WelcomeView.swift in Sources */ = {isa = PBXBuildFile; fileRef = 540692512C85998B00AE9567 /* WelcomeView.swift */; };
		540692542C859DE500AE9567 /* LoadingView.swift in Sources */ = {isa = PBXBuildFile; fileRef = 540692532C859DE500AE9567 /* LoadingView.swift */; };
		540692562C85A0A700AE9567 /* WeatherManager.swift in Sources */ = {isa = PBXBuildFile; fileRef = 540692552C85A0A700AE9567 /* WeatherManager.swift */; };
		540692582C85A92400AE9567 /* WeatherView.swift in Sources */ = {isa = PBXBuildFile; fileRef = 540692572C85A92400AE9567 /* WeatherView.swift */; };
		5406925A2C85A99F00AE9567 /* ModelData.swift in Sources */ = {isa = PBXBuildFile; fileRef = 540692592C85A99F00AE9567 /* ModelData.swift */; };
		5406925C2C85A9FC00AE9567 /* weatherData.json in Resources */ = {isa = PBXBuildFile; fileRef = 5406925B2C85A9FC00AE9567 /* weatherData.json */; };
		5406925E2C85AAEC00AE9567 /* Extensions.swift in Sources */ = {isa = PBXBuildFile; fileRef = 5406925D2C85AAEC00AE9567 /* Extensions.swift */; };
		540692612C85BDDA00AE9567 /* WeatherRow.swift in Sources */ = {isa = PBXBuildFile; fileRef = 540692602C85BDDA00AE9567 /* WeatherRow.swift */; };
/* End PBXBuildFile section */

/* Begin PBXContainerItemProxy section */
		540692312C85958700AE9567 /* PBXContainerItemProxy */ = {
			isa = PBXContainerItemProxy;
			containerPortal = 540692182C85958600AE9567 /* Project object */;
			proxyType = 1;
			remoteGlobalIDString = 5406921F2C85958600AE9567;
			remoteInfo = WeatherApp;
		};
		5406923B2C85958700AE9567 /* PBXContainerItemProxy */ = {
			isa = PBXContainerItemProxy;
			containerPortal = 540692182C85958600AE9567 /* Project object */;
			proxyType = 1;
			remoteGlobalIDString = 5406921F2C85958600AE9567;
			remoteInfo = WeatherApp;
		};
/* End PBXContainerItemProxy section */

/* Begin PBXFileReference section */
		540692202C85958600AE9567 /* WeatherApp.app */ = {isa = PBXFileReference; explicitFileType = wrapper.application; includeInIndex = 0; path = WeatherApp.app; sourceTree = BUILT_PRODUCTS_DIR; };
		540692232C85958600AE9567 /* WeatherAppApp.swift */ = {isa = PBXFileReference; lastKnownFileType = sourcecode.swift; path = WeatherAppApp.swift; sourceTree = "<group>"; };
		540692252C85958600AE9567 /* ContentView.swift */ = {isa = PBXFileReference; lastKnownFileType = sourcecode.swift; path = ContentView.swift; sourceTree = "<group>"; };
		540692272C85958700AE9567 /* Assets.xcassets */ = {isa = PBXFileReference; lastKnownFileType = folder.assetcatalog; path = Assets.xcassets; sourceTree = "<group>"; };
		5406922A2C85958700AE9567 /* Preview Assets.xcassets */ = {isa = PBXFileReference; lastKnownFileType = folder.assetcatalog; path = "Preview Assets.xcassets"; sourceTree = "<group>"; };
		540692302C85958700AE9567 /* WeatherAppTests.xctest */ = {isa = PBXFileReference; explicitFileType = wrapper.cfbundle; includeInIndex = 0; path = WeatherAppTests.xctest; sourceTree = BUILT_PRODUCTS_DIR; };
		540692342C85958700AE9567 /* WeatherAppTests.swift */ = {isa = PBXFileReference; lastKnownFileType = sourcecode.swift; path = WeatherAppTests.swift; sourceTree = "<group>"; };
		5406923A2C85958700AE9567 /* WeatherAppUITests.xctest */ = {isa = PBXFileReference; explicitFileType = wrapper.cfbundle; includeInIndex = 0; path = WeatherAppUITests.xctest; sourceTree = BUILT_PRODUCTS_DIR; };
		5406923E2C85958700AE9567 /* WeatherAppUITests.swift */ = {isa = PBXFileReference; lastKnownFileType = sourcecode.swift; path = WeatherAppUITests.swift; sourceTree = "<group>"; };
		540692402C85958700AE9567 /* WeatherAppUITestsLaunchTests.swift */ = {isa = PBXFileReference; lastKnownFileType = sourcecode.swift; path = WeatherAppUITestsLaunchTests.swift; sourceTree = "<group>"; };
		5406924E2C85963E00AE9567 /* LocationManager.swift */ = {isa = PBXFileReference; lastKnownFileType = sourcecode.swift; path = LocationManager.swift; sourceTree = "<group>"; };
		540692512C85998B00AE9567 /* WelcomeView.swift */ = {isa = PBXFileReference; lastKnownFileType = sourcecode.swift; path = WelcomeView.swift; sourceTree = "<group>"; };
		540692532C859DE500AE9567 /* LoadingView.swift */ = {isa = PBXFileReference; lastKnownFileType = sourcecode.swift; path = LoadingView.swift; sourceTree = "<group>"; };
		540692552C85A0A700AE9567 /* WeatherManager.swift */ = {isa = PBXFileReference; lastKnownFileType = sourcecode.swift; path = WeatherManager.swift; sourceTree = "<group>"; };
		540692572C85A92400AE9567 /* WeatherView.swift */ = {isa = PBXFileReference; lastKnownFileType = sourcecode.swift; path = WeatherView.swift; sourceTree = "<group>"; };
		540692592C85A99F00AE9567 /* ModelData.swift */ = {isa = PBXFileReference; lastKnownFileType = sourcecode.swift; path = ModelData.swift; sourceTree = "<group>"; };
		5406925B2C85A9FC00AE9567 /* weatherData.json */ = {isa = PBXFileReference; lastKnownFileType = text.json; path = weatherData.json; sourceTree = "<group>"; };
		5406925D2C85AAEC00AE9567 /* Extensions.swift */ = {isa = PBXFileReference; lastKnownFileType = sourcecode.swift; path = Extensions.swift; sourceTree = "<group>"; };
		540692602C85BDDA00AE9567 /* WeatherRow.swift */ = {isa = PBXFileReference; lastKnownFileType = sourcecode.swift; path = WeatherRow.swift; sourceTree = "<group>"; };
/* End PBXFileReference section */

/* Begin PBXFrameworksBuildPhase section */
		5406921D2C85958600AE9567 /* Frameworks */ = {
			isa = PBXFrameworksBuildPhase;
			buildActionMask = 2147483647;
			files = (
			);
			runOnlyForDeploymentPostprocessing = 0;
		};
		5406922D2C85958700AE9567 /* Frameworks */ = {
			isa = PBXFrameworksBuildPhase;
			buildActionMask = 2147483647;
			files = (
			);
			runOnlyForDeploymentPostprocessing = 0;
		};
		540692372C85958700AE9567 /* Frameworks */ = {
			isa = PBXFrameworksBuildPhase;
			buildActionMask = 2147483647;
			files = (
			);
			runOnlyForDeploymentPostprocessing = 0;
		};
/* End PBXFrameworksBuildPhase section */

/* Begin PBXGroup section */
		540692172C85958600AE9567 = {
			isa = PBXGroup;
			children = (
				540692222C85958600AE9567 /* WeatherApp */,
				540692332C85958700AE9567 /* WeatherAppTests */,
				5406923D2C85958700AE9567 /* WeatherAppUITests */,
				540692212C85958600AE9567 /* Products */,
			);
			sourceTree = "<group>";
		};
		540692212C85958600AE9567 /* Products */ = {
			isa = PBXGroup;
			children = (
				540692202C85958600AE9567 /* WeatherApp.app */,
				540692302C85958700AE9567 /* WeatherAppTests.xctest */,
				5406923A2C85958700AE9567 /* WeatherAppUITests.xctest */,
			);
			name = Products;
			sourceTree = "<group>";
		};
		540692222C85958600AE9567 /* WeatherApp */ = {
			isa = PBXGroup;
			children = (
				5406925F2C85BD9800AE9567 /* Components */,
				540692502C85986800AE9567 /* Views */,
				540692232C85958600AE9567 /* WeatherAppApp.swift */,
				5406924D2C85960A00AE9567 /* Managers */,
				540692272C85958700AE9567 /* Assets.xcassets */,
				540692292C85958700AE9567 /* Preview Content */,
				5406925D2C85AAEC00AE9567 /* Extensions.swift */,
			);
			path = WeatherApp;
			sourceTree = "<group>";
		};
		540692292C85958700AE9567 /* Preview Content */ = {
			isa = PBXGroup;
			children = (
				5406922A2C85958700AE9567 /* Preview Assets.xcassets */,
				540692592C85A99F00AE9567 /* ModelData.swift */,
				5406925B2C85A9FC00AE9567 /* weatherData.json */,
			);
			path = "Preview Content";
			sourceTree = "<group>";
		};
		540692332C85958700AE9567 /* WeatherAppTests */ = {
			isa = PBXGroup;
			children = (
				540692342C85958700AE9567 /* WeatherAppTests.swift */,
			);
			path = WeatherAppTests;
			sourceTree = "<group>";
		};
		5406923D2C85958700AE9567 /* WeatherAppUITests */ = {
			isa = PBXGroup;
			children = (
				5406923E2C85958700AE9567 /* WeatherAppUITests.swift */,
				540692402C85958700AE9567 /* WeatherAppUITestsLaunchTests.swift */,
			);
			path = WeatherAppUITests;
			sourceTree = "<group>";
		};
		5406924D2C85960A00AE9567 /* Managers */ = {
			isa = PBXGroup;
			children = (
				5406924E2C85963E00AE9567 /* LocationManager.swift */,
				540692552C85A0A700AE9567 /* WeatherManager.swift */,
			);
			path = Managers;
			sourceTree = "<group>";
		};
		540692502C85986800AE9567 /* Views */ = {
			isa = PBXGroup;
			children = (
				540692252C85958600AE9567 /* ContentView.swift */,
				540692512C85998B00AE9567 /* WelcomeView.swift */,
				540692532C859DE500AE9567 /* LoadingView.swift */,
				540692572C85A92400AE9567 /* WeatherView.swift */,
			);
			path = Views;
			sourceTree = "<group>";
		};
		5406925F2C85BD9800AE9567 /* Components */ = {
			isa = PBXGroup;
			children = (
				540692602C85BDDA00AE9567 /* WeatherRow.swift */,
			);
			path = Components;
			sourceTree = "<group>";
		};
/* End PBXGroup section */

/* Begin PBXNativeTarget section */
		5406921F2C85958600AE9567 /* WeatherApp */ = {
			isa = PBXNativeTarget;
			buildConfigurationList = 540692442C85958700AE9567 /* Build configuration list for PBXNativeTarget "WeatherApp" */;
			buildPhases = (
				5406921C2C85958600AE9567 /* Sources */,
				5406921D2C85958600AE9567 /* Frameworks */,
				5406921E2C85958600AE9567 /* Resources */,
			);
			buildRules = (
			);
			dependencies = (
			);
			name = WeatherApp;
			productName = WeatherApp;
			productReference = 540692202C85958600AE9567 /* WeatherApp.app */;
			productType = "com.apple.product-type.application";
		};
		5406922F2C85958700AE9567 /* WeatherAppTests */ = {
			isa = PBXNativeTarget;
			buildConfigurationList = 540692472C85958700AE9567 /* Build configuration list for PBXNativeTarget "WeatherAppTests" */;
			buildPhases = (
				5406922C2C85958700AE9567 /* Sources */,
				5406922D2C85958700AE9567 /* Frameworks */,
				5406922E2C85958700AE9567 /* Resources */,
			);
			buildRules = (
			);
			dependencies = (
				540692322C85958700AE9567 /* PBXTargetDependency */,
			);
			name = WeatherAppTests;
			productName = WeatherAppTests;
			productReference = 540692302C85958700AE9567 /* WeatherAppTests.xctest */;
			productType = "com.apple.product-type.bundle.unit-test";
		};
		540692392C85958700AE9567 /* WeatherAppUITests */ = {
			isa = PBXNativeTarget;
			buildConfigurationList = 5406924A2C85958700AE9567 /* Build configuration list for PBXNativeTarget "WeatherAppUITests" */;
			buildPhases = (
				540692362C85958700AE9567 /* Sources */,
				540692372C85958700AE9567 /* Frameworks */,
				540692382C85958700AE9567 /* Resources */,
			);
			buildRules = (
			);
			dependencies = (
				5406923C2C85958700AE9567 /* PBXTargetDependency */,
			);
			name = WeatherAppUITests;
			productName = WeatherAppUITests;
			productReference = 5406923A2C85958700AE9567 /* WeatherAppUITests.xctest */;
			productType = "com.apple.product-type.bundle.ui-testing";
		};
/* End PBXNativeTarget section */

/* Begin PBXProject section */
		540692182C85958600AE9567 /* Project object */ = {
			isa = PBXProject;
			attributes = {
				BuildIndependentTargetsInParallel = 1;
				LastSwiftUpdateCheck = 1540;
				LastUpgradeCheck = 1540;
				TargetAttributes = {
					5406921F2C85958600AE9567 = {
						CreatedOnToolsVersion = 15.4;
					};
					5406922F2C85958700AE9567 = {
						CreatedOnToolsVersion = 15.4;
						TestTargetID = 5406921F2C85958600AE9567;
					};
					540692392C85958700AE9567 = {
						CreatedOnToolsVersion = 15.4;
						TestTargetID = 5406921F2C85958600AE9567;
					};
				};
			};
			buildConfigurationList = 5406921B2C85958600AE9567 /* Build configuration list for PBXProject "WeatherApp" */;
			compatibilityVersion = "Xcode 14.0";
			developmentRegion = en;
			hasScannedForEncodings = 0;
			knownRegions = (
				en,
				Base,
			);
			mainGroup = 540692172C85958600AE9567;
			productRefGroup = 540692212C85958600AE9567 /* Products */;
			projectDirPath = "";
			projectRoot = "";
			targets = (
				5406921F2C85958600AE9567 /* WeatherApp */,
				5406922F2C85958700AE9567 /* WeatherAppTests */,
				540692392C85958700AE9567 /* WeatherAppUITests */,
			);
		};
/* End PBXProject section */

/* Begin PBXResourcesBuildPhase section */
		5406921E2C85958600AE9567 /* Resources */ = {
			isa = PBXResourcesBuildPhase;
			buildActionMask = 2147483647;
			files = (
				5406922B2C85958700AE9567 /* Preview Assets.xcassets in Resources */,
				5406925C2C85A9FC00AE9567 /* weatherData.json in Resources */,
				540692282C85958700AE9567 /* Assets.xcassets in Resources */,
			);
			runOnlyForDeploymentPostprocessing = 0;
		};
		5406922E2C85958700AE9567 /* Resources */ = {
			isa = PBXResourcesBuildPhase;
			buildActionMask = 2147483647;
			files = (
			);
			runOnlyForDeploymentPostprocessing = 0;
		};
		540692382C85958700AE9567 /* Resources */ = {
			isa = PBXResourcesBuildPhase;
			buildActionMask = 2147483647;
			files = (
			);
			runOnlyForDeploymentPostprocessing = 0;
		};
/* End PBXResourcesBuildPhase section */

/* Begin PBXSourcesBuildPhase section */
		5406921C2C85958600AE9567 /* Sources */ = {
			isa = PBXSourcesBuildPhase;
			buildActionMask = 2147483647;
			files = (
				540692562C85A0A700AE9567 /* WeatherManager.swift in Sources */,
				5406925E2C85AAEC00AE9567 /* Extensions.swift in Sources */,
				540692262C85958600AE9567 /* ContentView.swift in Sources */,
				540692242C85958600AE9567 /* WeatherAppApp.swift in Sources */,
				5406924F2C85963E00AE9567 /* LocationManager.swift in Sources */,
				540692612C85BDDA00AE9567 /* WeatherRow.swift in Sources */,
				540692542C859DE500AE9567 /* LoadingView.swift in Sources */,
				5406925A2C85A99F00AE9567 /* ModelData.swift in Sources */,
				540692582C85A92400AE9567 /* WeatherView.swift in Sources */,
				540692522C85998B00AE9567 /* WelcomeView.swift in Sources */,
			);
			runOnlyForDeploymentPostprocessing = 0;
		};
		5406922C2C85958700AE9567 /* Sources */ = {
			isa = PBXSourcesBuildPhase;
			buildActionMask = 2147483647;
			files = (
				540692352C85958700AE9567 /* WeatherAppTests.swift in Sources */,
			);
			runOnlyForDeploymentPostprocessing = 0;
		};
		540692362C85958700AE9567 /* Sources */ = {
			isa = PBXSourcesBuildPhase;
			buildActionMask = 2147483647;
			files = (
				5406923F2C85958700AE9567 /* WeatherAppUITests.swift in Sources */,
				540692412C85958700AE9567 /* WeatherAppUITestsLaunchTests.swift in Sources */,
			);
			runOnlyForDeploymentPostprocessing = 0;
		};
/* End PBXSourcesBuildPhase section */

/* Begin PBXTargetDependency section */
		540692322C85958700AE9567 /* PBXTargetDependency */ = {
			isa = PBXTargetDependency;
			target = 5406921F2C85958600AE9567 /* WeatherApp */;
			targetProxy = 540692312C85958700AE9567 /* PBXContainerItemProxy */;
		};
		5406923C2C85958700AE9567 /* PBXTargetDependency */ = {
			isa = PBXTargetDependency;
			target = 5406921F2C85958600AE9567 /* WeatherApp */;
			targetProxy = 5406923B2C85958700AE9567 /* PBXContainerItemProxy */;
		};
/* End PBXTargetDependency section */

/* Begin XCBuildConfiguration section */
		540692422C85958700AE9567 /* Debug */ = {
			isa = XCBuildConfiguration;
			buildSettings = {
				ALWAYS_SEARCH_USER_PATHS = NO;
				ASSETCATALOG_COMPILER_GENERATE_SWIFT_ASSET_SYMBOL_EXTENSIONS = YES;
				CLANG_ANALYZER_NONNULL = YES;
				CLANG_ANALYZER_NUMBER_OBJECT_CONVERSION = YES_AGGRESSIVE;
				CLANG_CXX_LANGUAGE_STANDARD = "gnu++20";
				CLANG_ENABLE_MODULES = YES;
				CLANG_ENABLE_OBJC_ARC = YES;
				CLANG_ENABLE_OBJC_WEAK = YES;
				CLANG_WARN_BLOCK_CAPTURE_AUTORELEASING = YES;
				CLANG_WARN_BOOL_CONVERSION = YES;
				CLANG_WARN_COMMA = YES;
				CLANG_WARN_CONSTANT_CONVERSION = YES;
				CLANG_WARN_DEPRECATED_OBJC_IMPLEMENTATIONS = YES;
				CLANG_WARN_DIRECT_OBJC_ISA_USAGE = YES_ERROR;
				CLANG_WARN_DOCUMENTATION_COMMENTS = YES;
				CLANG_WARN_EMPTY_BODY = YES;
				CLANG_WARN_ENUM_CONVERSION = YES;
				CLANG_WARN_INFINITE_RECURSION = YES;
				CLANG_WARN_INT_CONVERSION = YES;
				CLANG_WARN_NON_LITERAL_NULL_CONVERSION = YES;
				CLANG_WARN_OBJC_IMPLICIT_RETAIN_SELF = YES;
				CLANG_WARN_OBJC_LITERAL_CONVERSION = YES;
				CLANG_WARN_OBJC_ROOT_CLASS = YES_ERROR;
				CLANG_WARN_QUOTED_INCLUDE_IN_FRAMEWORK_HEADER = YES;
				CLANG_WARN_RANGE_LOOP_ANALYSIS = YES;
				CLANG_WARN_STRICT_PROTOTYPES = YES;
				CLANG_WARN_SUSPICIOUS_MOVE = YES;
				CLANG_WARN_UNGUARDED_AVAILABILITY = YES_AGGRESSIVE;
				CLANG_WARN_UNREACHABLE_CODE = YES;
				CLANG_WARN__DUPLICATE_METHOD_MATCH = YES;
				COPY_PHASE_STRIP = NO;
				DEBUG_INFORMATION_FORMAT = dwarf;
				ENABLE_STRICT_OBJC_MSGSEND = YES;
				ENABLE_TESTABILITY = YES;
				ENABLE_USER_SCRIPT_SANDBOXING = YES;
				GCC_C_LANGUAGE_STANDARD = gnu17;
				GCC_DYNAMIC_NO_PIC = NO;
				GCC_NO_COMMON_BLOCKS = YES;
				GCC_OPTIMIZATION_LEVEL = 0;
				GCC_PREPROCESSOR_DEFINITIONS = (
					"DEBUG=1",
					"$(inherited)",
				);
				GCC_WARN_64_TO_32_BIT_CONVERSION = YES;
				GCC_WARN_ABOUT_RETURN_TYPE = YES_ERROR;
				GCC_WARN_UNDECLARED_SELECTOR = YES;
				GCC_WARN_UNINITIALIZED_AUTOS = YES_AGGRESSIVE;
				GCC_WARN_UNUSED_FUNCTION = YES;
				GCC_WARN_UNUSED_VARIABLE = YES;
				IPHONEOS_DEPLOYMENT_TARGET = 17.5;
				LOCALIZATION_PREFERS_STRING_CATALOGS = YES;
				MTL_ENABLE_DEBUG_INFO = INCLUDE_SOURCE;
				MTL_FAST_MATH = YES;
				ONLY_ACTIVE_ARCH = YES;
				SDKROOT = iphoneos;
				SWIFT_ACTIVE_COMPILATION_CONDITIONS = "DEBUG $(inherited)";
				SWIFT_OPTIMIZATION_LEVEL = "-Onone";
			};
			name = Debug;
		};
		540692432C85958700AE9567 /* Release */ = {
			isa = XCBuildConfiguration;
			buildSettings = {
				ALWAYS_SEARCH_USER_PATHS = NO;
				ASSETCATALOG_COMPILER_GENERATE_SWIFT_ASSET_SYMBOL_EXTENSIONS = YES;
				CLANG_ANALYZER_NONNULL = YES;
				CLANG_ANALYZER_NUMBER_OBJECT_CONVERSION = YES_AGGRESSIVE;
				CLANG_CXX_LANGUAGE_STANDARD = "gnu++20";
				CLANG_ENABLE_MODULES = YES;
				CLANG_ENABLE_OBJC_ARC = YES;
				CLANG_ENABLE_OBJC_WEAK = YES;
				CLANG_WARN_BLOCK_CAPTURE_AUTORELEASING = YES;
				CLANG_WARN_BOOL_CONVERSION = YES;
				CLANG_WARN_COMMA = YES;
				CLANG_WARN_CONSTANT_CONVERSION = YES;
				CLANG_WARN_DEPRECATED_OBJC_IMPLEMENTATIONS = YES;
				CLANG_WARN_DIRECT_OBJC_ISA_USAGE = YES_ERROR;
				CLANG_WARN_DOCUMENTATION_COMMENTS = YES;
				CLANG_WARN_EMPTY_BODY = YES;
				CLANG_WARN_ENUM_CONVERSION = YES;
				CLANG_WARN_INFINITE_RECURSION = YES;
				CLANG_WARN_INT_CONVERSION = YES;
				CLANG_WARN_NON_LITERAL_NULL_CONVERSION = YES;
				CLANG_WARN_OBJC_IMPLICIT_RETAIN_SELF = YES;
				CLANG_WARN_OBJC_LITERAL_CONVERSION = YES;
				CLANG_WARN_OBJC_ROOT_CLASS = YES_ERROR;
				CLANG_WARN_QUOTED_INCLUDE_IN_FRAMEWORK_HEADER = YES;
				CLANG_WARN_RANGE_LOOP_ANALYSIS = YES;
				CLANG_WARN_STRICT_PROTOTYPES = YES;
				CLANG_WARN_SUSPICIOUS_MOVE = YES;
				CLANG_WARN_UNGUARDED_AVAILABILITY = YES_AGGRESSIVE;
				CLANG_WARN_UNREACHABLE_CODE = YES;
				CLANG_WARN__DUPLICATE_METHOD_MATCH = YES;
				COPY_PHASE_STRIP = NO;
				DEBUG_INFORMATION_FORMAT = "dwarf-with-dsym";
				ENABLE_NS_ASSERTIONS = NO;
				ENABLE_STRICT_OBJC_MSGSEND = YES;
				ENABLE_USER_SCRIPT_SANDBOXING = YES;
				GCC_C_LANGUAGE_STANDARD = gnu17;
				GCC_NO_COMMON_BLOCKS = YES;
				GCC_WARN_64_TO_32_BIT_CONVERSION = YES;
				GCC_WARN_ABOUT_RETURN_TYPE = YES_ERROR;
				GCC_WARN_UNDECLARED_SELECTOR = YES;
				GCC_WARN_UNINITIALIZED_AUTOS = YES_AGGRESSIVE;
				GCC_WARN_UNUSED_FUNCTION = YES;
				GCC_WARN_UNUSED_VARIABLE = YES;
				IPHONEOS_DEPLOYMENT_TARGET = 17.5;
				LOCALIZATION_PREFERS_STRING_CATALOGS = YES;
				MTL_ENABLE_DEBUG_INFO = NO;
				MTL_FAST_MATH = YES;
				SDKROOT = iphoneos;
				SWIFT_COMPILATION_MODE = wholemodule;
				VALIDATE_PRODUCT = YES;
			};
			name = Release;
		};
		540692452C85958700AE9567 /* Debug */ = {
			isa = XCBuildConfiguration;
			buildSettings = {
				ASSETCATALOG_COMPILER_APPICON_NAME = AppIcon;
				ASSETCATALOG_COMPILER_GLOBAL_ACCENT_COLOR_NAME = AccentColor;
				CODE_SIGN_STYLE = Automatic;
				CURRENT_PROJECT_VERSION = 1;
				DEVELOPMENT_ASSET_PATHS = "\"WeatherApp/Preview Content\"";
				ENABLE_PREVIEWS = YES;
				GENERATE_INFOPLIST_FILE = YES;
				INFOPLIST_KEY_UIApplicationSceneManifest_Generation = YES;
				INFOPLIST_KEY_UIApplicationSupportsIndirectInputEvents = YES;
				INFOPLIST_KEY_UILaunchScreen_Generation = YES;
				INFOPLIST_KEY_UISupportedInterfaceOrientations_iPad = "UIInterfaceOrientationPortrait UIInterfaceOrientationPortraitUpsideDown UIInterfaceOrientationLandscapeLeft UIInterfaceOrientationLandscapeRight";
				INFOPLIST_KEY_UISupportedInterfaceOrientations_iPhone = "UIInterfaceOrientationPortrait UIInterfaceOrientationLandscapeLeft UIInterfaceOrientationLandscapeRight";
				LD_RUNPATH_SEARCH_PATHS = (
					"$(inherited)",
					"@executable_path/Frameworks",
				);
				MARKETING_VERSION = 1.0;
				PRODUCT_BUNDLE_IDENTIFIER = "khanmohsinali029-gmail.com.WeatherApp";
				PRODUCT_NAME = "$(TARGET_NAME)";
				SWIFT_EMIT_LOC_STRINGS = YES;
				SWIFT_VERSION = 5.0;
				TARGETED_DEVICE_FAMILY = "1,2";
			};
			name = Debug;
		};
		540692462C85958700AE9567 /* Release */ = {
			isa = XCBuildConfiguration;
			buildSettings = {
				ASSETCATALOG_COMPILER_APPICON_NAME = AppIcon;
				ASSETCATALOG_COMPILER_GLOBAL_ACCENT_COLOR_NAME = AccentColor;
				CODE_SIGN_STYLE = Automatic;
				CURRENT_PROJECT_VERSION = 1;
				DEVELOPMENT_ASSET_PATHS = "\"WeatherApp/Preview Content\"";
				ENABLE_PREVIEWS = YES;
				GENERATE_INFOPLIST_FILE = YES;
				INFOPLIST_KEY_UIApplicationSceneManifest_Generation = YES;
				INFOPLIST_KEY_UIApplicationSupportsIndirectInputEvents = YES;
				INFOPLIST_KEY_UILaunchScreen_Generation = YES;
				INFOPLIST_KEY_UISupportedInterfaceOrientations_iPad = "UIInterfaceOrientationPortrait UIInterfaceOrientationPortraitUpsideDown UIInterfaceOrientationLandscapeLeft UIInterfaceOrientationLandscapeRight";
				INFOPLIST_KEY_UISupportedInterfaceOrientations_iPhone = "UIInterfaceOrientationPortrait UIInterfaceOrientationLandscapeLeft UIInterfaceOrientationLandscapeRight";
				LD_RUNPATH_SEARCH_PATHS = (
					"$(inherited)",
					"@executable_path/Frameworks",
				);
				MARKETING_VERSION = 1.0;
				PRODUCT_BUNDLE_IDENTIFIER = "khanmohsinali029-gmail.com.WeatherApp";
				PRODUCT_NAME = "$(TARGET_NAME)";
				SWIFT_EMIT_LOC_STRINGS = YES;
				SWIFT_VERSION = 5.0;
				TARGETED_DEVICE_FAMILY = "1,2";
			};
			name = Release;
		};
		540692482C85958700AE9567 /* Debug */ = {
			isa = XCBuildConfiguration;
			buildSettings = {
				ALWAYS_EMBED_SWIFT_STANDARD_LIBRARIES = YES;
				BUNDLE_LOADER = "$(TEST_HOST)";
				CODE_SIGN_STYLE = Automatic;
				CURRENT_PROJECT_VERSION = 1;
				GENERATE_INFOPLIST_FILE = YES;
				IPHONEOS_DEPLOYMENT_TARGET = 17.5;
				MARKETING_VERSION = 1.0;
				PRODUCT_BUNDLE_IDENTIFIER = "khanmohsinali029-gmail.com.WeatherAppTests";
				PRODUCT_NAME = "$(TARGET_NAME)";
				SWIFT_EMIT_LOC_STRINGS = NO;
				SWIFT_VERSION = 5.0;
				TARGETED_DEVICE_FAMILY = "1,2";
				TEST_HOST = "$(BUILT_PRODUCTS_DIR)/WeatherApp.app/$(BUNDLE_EXECUTABLE_FOLDER_PATH)/WeatherApp";
			};
			name = Debug;
		};
		540692492C85958700AE9567 /* Release */ = {
			isa = XCBuildConfiguration;
			buildSettings = {
				ALWAYS_EMBED_SWIFT_STANDARD_LIBRARIES = YES;
				BUNDLE_LOADER = "$(TEST_HOST)";
				CODE_SIGN_STYLE = Automatic;
				CURRENT_PROJECT_VERSION = 1;
				GENERATE_INFOPLIST_FILE = YES;
				IPHONEOS_DEPLOYMENT_TARGET = 17.5;
				MARKETING_VERSION = 1.0;
				PRODUCT_BUNDLE_IDENTIFIER = "khanmohsinali029-gmail.com.WeatherAppTests";
				PRODUCT_NAME = "$(TARGET_NAME)";
				SWIFT_EMIT_LOC_STRINGS = NO;
				SWIFT_VERSION = 5.0;
				TARGETED_DEVICE_FAMILY = "1,2";
				TEST_HOST = "$(BUILT_PRODUCTS_DIR)/WeatherApp.app/$(BUNDLE_EXECUTABLE_FOLDER_PATH)/WeatherApp";
			};
			name = Release;
		};
		5406924B2C85958700AE9567 /* Debug */ = {
			isa = XCBuildConfiguration;
			buildSettings = {
				ALWAYS_EMBED_SWIFT_STANDARD_LIBRARIES = YES;
				CODE_SIGN_STYLE = Automatic;
				CURRENT_PROJECT_VERSION = 1;
				GENERATE_INFOPLIST_FILE = YES;
				MARKETING_VERSION = 1.0;
				PRODUCT_BUNDLE_IDENTIFIER = "khanmohsinali029-gmail.com.WeatherAppUITests";
				PRODUCT_NAME = "$(TARGET_NAME)";
				SWIFT_EMIT_LOC_STRINGS = NO;
				SWIFT_VERSION = 5.0;
				TARGETED_DEVICE_FAMILY = "1,2";
				TEST_TARGET_NAME = WeatherApp;
			};
			name = Debug;
		};
		5406924C2C85958700AE9567 /* Release */ = {
			isa = XCBuildConfiguration;
			buildSettings = {
				ALWAYS_EMBED_SWIFT_STANDARD_LIBRARIES = YES;
				CODE_SIGN_STYLE = Automatic;
				CURRENT_PROJECT_VERSION = 1;
				GENERATE_INFOPLIST_FILE = YES;
				MARKETING_VERSION = 1.0;
				PRODUCT_BUNDLE_IDENTIFIER = "khanmohsinali029-gmail.com.WeatherAppUITests";
				PRODUCT_NAME = "$(TARGET_NAME)";
				SWIFT_EMIT_LOC_STRINGS = NO;
				SWIFT_VERSION = 5.0;
				TARGETED_DEVICE_FAMILY = "1,2";
				TEST_TARGET_NAME = WeatherApp;
			};
			name = Release;
		};
/* End XCBuildConfiguration section */

/* Begin XCConfigurationList section */
		5406921B2C85958600AE9567 /* Build configuration list for PBXProject "WeatherApp" */ = {
			isa = XCConfigurationList;
			buildConfigurations = (
				540692422C85958700AE9567 /* Debug */,
				540692432C85958700AE9567 /* Release */,
			);
			defaultConfigurationIsVisible = 0;
			defaultConfigurationName = Release;
		};
		540692442C85958700AE9567 /* Build configuration list for PBXNativeTarget "WeatherApp" */ = {
			isa = XCConfigurationList;
			buildConfigurations = (
				540692452C85958700AE9567 /* Debug */,
				540692462C85958700AE9567 /* Release */,
			);
			defaultConfigurationIsVisible = 0;
			defaultConfigurationName = Release;
		};
		540692472C85958700AE9567 /* Build configuration list for PBXNativeTarget "WeatherAppTests" */ = {
			isa = XCConfigurationList;
			buildConfigurations = (
				540692482C85958700AE9567 /* Debug */,
				540692492C85958700AE9567 /* Release */,
			);
			defaultConfigurationIsVisible = 0;
			defaultConfigurationName = Release;
		};
		5406924A2C85958700AE9567 /* Build configuration list for PBXNativeTarget "WeatherAppUITests" */ = {
			isa = XCConfigurationList;
			buildConfigurations = (
				5406924B2C85958700AE9567 /* Debug */,
				5406924C2C85958700AE9567 /* Release */,
			);
			defaultConfigurationIsVisible = 0;
			defaultConfigurationName = Release;
		};
/* End XCConfigurationList section */
	};
	rootObject = 540692182C85958600AE9567 /* Project object */;
}
